github.com/barnex/fftw v0.0.0-20181125072904-b800f77a10de h1:IUKWQeq/KJwcblO3mKiyeT6iz6DDYVVIoDiG+4GnTjM=
github.com/barnex/fftw v0.0.0-20181125072904-b800f77a10de/go.mod h1:18E8YpOFQFEoG+0SwUnE01ow15ccx/DV3TgCZeLWHrg=
github.com/cjbassi/drawille-go v0.0.0-20190126131713-27dc511fe6fd h1:XtfPmj9tQRilnrEmI1HjQhxXWRhEM+m8CACtaMJE/kM=
github.com/cjbassi/drawille-go v0.0.0-20190126131713-27dc511fe6fd/go.mod h1:vjcQJUZJYD3MeVGhtZXSMnCHfUNZxsyYzJt90eCYxK4=
github.com/gizak/termui/v3 v3.0.0 h1:NYTUG6ig/sJK05O5FyhWemwlVPO8ilNpvS/PgRtrKAE=
github.com/gizak/termui/v3 v3.0.0/go.mod h1:uinu2dMdtMI+FTIdEFUJQT5y+KShnhQRshvPblXq3lY=
github.com/go-audio/aiff v0.0.0-20180403003018-6c3a8a6aff12/go.mod h1:AMSAp6W1zd0koOdX6QDgGIuBDTUvLa2SLQtm7d9eM3c=
github.com/go-audio/audio v0.0.0-20180206231410-b697a35b5608 h1:PHEBf8t8q21RNXEBzgg15sqaX06CdG1kngmhX+NvQAI=
github.com/go-audio/audio v0.0.0-20180206231410-b697a35b5608/go.mod h1:6uAu0+H2lHkwdGsAY+j2wHPNPpPoeg5AaEFh9FlA+Zs=
github.com/go-audio/audio v0.0.0-20181013203223-7b2a6ca21480 h1:4sGU+UABMMsRJyD+Y2yzMYxq0GJFUsRRESI0P1gZ2ig=
github.com/go-audio/audio v0.0.0-20181013203223-7b2a6ca21480/go.mod h1:6uAu0+H2lHkwdGsAY+j2wHPNPpPoeg5AaEFh9FlA+Zs=
github.com/go-audio/wav v0.0.0-20181013172942-de841e69b884 h1:2TaXIaVA4ff/MHHezOj83tCypALTFAcXOImcFWNa3jw=
github.com/go-audio/wav v0.0.0-20181013172942-de841e69b884/go.mod h1:UiqzUyfX0zs3pJ/DPyvS5v8sN6s5bXPUDDIVA5v8dks=
github.com/gomidi/connect v0.11.1 h1:3u5nXHSUDCj1CkhiY3hes+QzTg//gSD3gUVA5eTythU=
github.com/gomidi/connect v0.11.1/go.mod h1:zu6PoN7Xs/37thtXZ+4Wl1MMg8MxenS7U/M3rn6trNo=
github.com/gomidi/rtmididrv v0.1.26 h1:eS23H1miHBcSn7FOePYLgYF9NCEnNUPw37VrVkZaLKM=
github.com/gomidi/rtmididrv v0.1.26/go.mod h1:55Hofs2shxLSpiBFDzsyzu5TjvY4nk0YtccG1SHXTPI=
github.com/gomidi/rtmididrv/imported/rtmidi v0.0.0-20181003214813-394e08a8a616 h1:li36X3RHhnh40a0jGULcNryHKFEKZrf++Vfj0NpfRVM=
github.com/gomidi/rtmididrv/imported/rtmidi v0.0.0-20181003214813-394e08a8a616/go.mod h1:dbXfsHh+fNtafItiJIgnK6EMw5M/xgtXc7Rmya+cZsQ=
github.com/gomidi/rtmididrv/imported/rtmidi v0.0.0-20181023173540-4751d32e0b95 h1:MuVFrYiZjQQ3K+n7roMlntUiDTUngEAwXxDacL4382c=
github.com/gomidi/rtmididrv/imported/rtmidi v0.0.0-20181023173540-4751d32e0b95/go.mod h1:dbXfsHh+fNtafItiJIgnK6EMw5M/xgtXc7Rmya+cZsQ=
github.com/gordonklaus/portaudio v0.0.0-20180817120803-00e7307ccd93 h1:TSG+DyZBnazM22ZHyHLeUkzM34ClkJRjIWHTq4btvek=
github.com/gordonklaus/portaudio v0.0.0-20180817120803-00e7307ccd93/go.mod h1:HfYnZi/ARQKG0dwH5HNDmPCHdLiFiBf+SI7DbhW7et4=
github.com/mattetti/audio v0.0.0-20180912171649-01576cde1f21 h1:Hc1iKlyxNHp3CV59G2E/qabUkHvEwOIJxDK0CJ7CRjA=
github.com/mattetti/audio v0.0.0-20180912171649-01576cde1f21/go.mod h1:LlQmBGkOuV/SKzEDXBPKauvN2UqCgzXO2XjecTGj40s=
github.com/mattn/go-runewidth v0.0.2/go.mod h1:LwmH8dsx7+W8Uxz3IHJYH5QSwggIsqBzpuz5H//U1FU=
github.com/mattn/go-runewidth v0.0.4 h1:2BvfKmzob6Bmd4YsL0zygOqfdFnK7GR4QL06Do4/p7Y=
github.com/mattn/go-runewidth v0.0.4/go.mod h1:LwmH8dsx7+W8Uxz3IHJYH5QSwggIsqBzpuz5H//U1FU=
github.com/metakeule/mutex v0.0.1/go.mod h1:/rTh8BoStvpIqJdiFgDBHt9Ib1mMIziunxMenemvjcQ=
github.com/mitchellh/go-wordwrap v0.0.0-20150314170334-ad45545899c7 h1:DpOJ2HYzCv8LZP15IdmG+YdwD2luVPHITV96TkirNBM=
github.com/mitchellh/go-wordwrap v0.0.0-20150314170334-ad45545899c7/go.mod h1:ZXFpozHsX6DPmq2I0TCekCxypsnAUbP2oI0UX1GXzOo=
github.com/nsf/termbox-go v0.0.0-20190121233118-02980233997d h1:x3S6kxmy49zXVVyhcnrFqxvNVCBPb2KZ9hV2RBdS840=
github.com/nsf/termbox-go v0.0.0-20190121233118-02980233997d/go.mod h1:IuKpRQcYE1Tfu+oAQqaLisqDeXgjyyltCfsaoYN18NQ=
github.com/thestk/rtmidi v3.0.0+incompatible h1:PnWbzFAaKFzNItn4Tqo+2o4Ty4k2fxKJZ/3Y0emv1gw=
github.com/xlab/midievent v0.0.0-20160910135058-44d2a415bbc7 h1:GmnQBLZSOXI1F2hXKlyUuV19bW6DpCnWN14p/jP+WXA=
github.com/xlab/midievent v0.0.0-20160910135058-44d2a415bbc7/go.mod h1:6Wezm38bOZuwEwcq0W+WIrLxkod95+jT5xxaqU9xcj4=
gitlab.com/gomidi/midi v1.10.4 h1:Zki+MX1moh1oMvOrGmXgIpaJO8M4Q5xEqzvxo6qvrvo=
gitlab.com/gomidi/midi v1.10.4/go.mod h1:3ohtNOhqoSakkuLG/Li1OI6I3J1c2LErnJF5o/VBq1c=
gitlab.com/gomidi/rtmididrv/imported/rtmidi v0.0.0-20190226224559-2e02e3e34693 h1:7Lkeor6pTMEtuVk+kMteUGAXIebDYEHNBG1/fTHEkN4=
gitlab.com/gomidi/rtmididrv/imported/rtmidi v0.0.0-20190226224559-2e02e3e34693/go.mod h1:FYVFN2H23IsX56VntiDF9DgCIekHh359wW+iMl1W8rQ=
golang.org/x/arch v0.0.0-20181203225421-5a4828bb7045/go.mod h1:cYlCBUl1MsqxdiKgmc4uh7TxZfWSFLOGSRR090WDxt8=
gopkg.in/check.v1 v0.0.0-20161208181325-20d25e280405/go.mod h1:Co6ibVJAznAaIkqp8huTwlJQCZ016jof/cbN4VW5Yz0=
gopkg.in/yaml.v2 v2.2.2 h1:ZCJp+EgiOT7lHqUV2J862kp8Qj64Jo6az82+3Td9dZw=
gopkg.in/yaml.v2 v2.2.2/go.mod h1:hI93XBmqTisBFMUTm0b8Fm+jr3Dg1NNxqwp+5A1VGuI=
