github.com/go-audio/aiff v0.0.0-20180403003018-6c3a8a6aff12/go.mod h1:AMSAp6W1zd0koOdX6QDgGIuBDTUvLa2SLQtm7d9eM3c=
github.com/go-audio/audio v0.0.0-20180206231410-b697a35b5608 h1:PHEBf8t8q21RNXEBzgg15sqaX06CdG1kngmhX+NvQAI=
github.com/go-audio/audio v0.0.0-20180206231410-b697a35b5608/go.mod h1:6uAu0+H2lHkwdGsAY+j2wHPNPpPoeg5AaEFh9FlA+Zs=
github.com/go-audio/wav v0.0.0-20181013172942-de841e69b884 h1:2TaXIaVA4ff/MHHezOj83tCypALTFAcXOImcFWNa3jw=
github.com/go-audio/wav v0.0.0-20181013172942-de841e69b884/go.mod h1:UiqzUyfX0zs3pJ/DPyvS5v8sN6s5bXPUDDIVA5v8dks=
github.com/mattetti/audio v0.0.0-20180912171649-01576cde1f21 h1:Hc1iKlyxNHp3CV59G2E/qabUkHvEwOIJxDK0CJ7CRjA=
github.com/mattetti/audio v0.0.0-20180912171649-01576cde1f21/go.mod h1:LlQmBGkOuV/SKzEDXBPKauvN2UqCgzXO2XjecTGj40s=
